
Microsoft Visual Studio Solution File, Format Version 12.00
# Visual Studio 2013
VisualStudioVersion = 12.0.31101.0
MinimumVisualStudioVersion = 10.0.40219.1
Project("{FAE04EC0-301F-11D3-BF4B-00C04F79EFBC}") = "VsixConsoleAppTemplate", "VsixConsoleAppTemplate\VsixConsoleAppTemplate.csproj", "{63503D2A-614A-4AA9-88AD-5CD330266717}"
EndProject
Project("{FAE04EC0-301F-11D3-BF4B-00C04F79EFBC}") = "ConsoleApp", "ConsoleApp\ConsoleApp.csproj", "{2E3B1C45-6BCF-4A2D-B566-60FE9591979F}"
EndProject
Project("{FAE04EC0-301F-11D3-BF4B-00C04F79EFBC}") = "CustomWizard", "CustomWizard\CustomWizard.csproj", "{8F8DD18B-D28A-454F-BB55-511B9834E8E8}"
EndProject
Global
	GlobalSection(SolutionConfigurationPlatforms) = preSolution
		Debug|Any CPU = Debug|Any CPU
		Release|Any CPU = Release|Any CPU
	EndGlobalSection
	GlobalSection(ProjectConfigurationPlatforms) = postSolution
		{63503D2A-614A-4AA9-88AD-5CD330266717}.Debug|Any CPU.ActiveCfg = Release|Any CPU
		{63503D2A-614A-4AA9-88AD-5CD330266717}.Debug|Any CPU.Build.0 = Release|Any CPU
		{63503D2A-614A-4AA9-88AD-5CD330266717}.Release|Any CPU.ActiveCfg = Release|Any CPU
		{63503D2A-614A-4AA9-88AD-5CD330266717}.Release|Any CPU.Build.0 = Release|Any CPU
		{2E3B1C45-6BCF-4A2D-B566-60FE9591979F}.Debug|Any CPU.ActiveCfg = Debug|Any CPU
		{2E3B1C45-6BCF-4A2D-B566-60FE9591979F}.Release|Any CPU.ActiveCfg = Release|Any CPU
		{8F8DD18B-D28A-454F-BB55-511B9834E8E8}.Debug|Any CPU.ActiveCfg = Debug|Any CPU
		{8F8DD18B-D28A-454F-BB55-511B9834E8E8}.Debug|Any CPU.Build.0 = Debug|Any CPU
		{8F8DD18B-D28A-454F-BB55-511B9834E8E8}.Release|Any CPU.ActiveCfg = Release|Any CPU
		{8F8DD18B-D28A-454F-BB55-511B9834E8E8}.Release|Any CPU.Build.0 = Release|Any CPU
	EndGlobalSection
	GlobalSection(SolutionProperties) = preSolution
		HideSolutionNode = FALSE
	EndGlobalSection
EndGlobal
